
Microsoft Visual Studio Solution File, Format Version 12.00
# Visual Studio Version 16
VisualStudioVersion = 16.0.30711.63
MinimumVisualStudioVersion = 10.0.40219.1
Project("{9A19103F-16F7-4668-BE54-9A1E7A4F7556}") = "KmFlow", "src\KmFlow\KmFlow.csproj", "{810D68A5-4C80-4BB8-9EB0-47815A0BAFCA}"
EndProject
Project("{9A19103F-16F7-4668-BE54-9A1E7A4F7556}") = "KmFlowTest", "test\KmFlowTest\KmFlowTest.csproj", "{10FECF97-4F4A-444E-849E-A14B17548E37}"
EndProject
Project("{9A19103F-16F7-4668-BE54-9A1E7A4F7556}") = "MarkDwonFlow", "example\MarkDwonFlow\MarkDwonFlow.csproj", "{FDEE98BC-5A2C-45EF-A80C-ED1BE63F27A9}"
EndProject
Project("{2150E333-8FDC-42A3-9474-1A3956D46DE8}") = "Solution Items", "Solution Items", "{908027BD-D7F9-4816-8529-4C75B0BA2A07}"
	ProjectSection(SolutionItems) = preProject
		.editorconfig = .editorconfig
	EndProjectSection
EndProject
Global
	GlobalSection(SolutionConfigurationPlatforms) = preSolution
		Debug|Any CPU = Debug|Any CPU
		Release|Any CPU = Release|Any CPU
	EndGlobalSection
	GlobalSection(ProjectConfigurationPlatforms) = postSolution
		{810D68A5-4C80-4BB8-9EB0-47815A0BAFCA}.Debug|Any CPU.ActiveCfg = Debug|Any CPU
		{810D68A5-4C80-4BB8-9EB0-47815A0BAFCA}.Debug|Any CPU.Build.0 = Debug|Any CPU
		{810D68A5-4C80-4BB8-9EB0-47815A0BAFCA}.Release|Any CPU.ActiveCfg = Release|Any CPU
		{810D68A5-4C80-4BB8-9EB0-47815A0BAFCA}.Release|Any CPU.Build.0 = Release|Any CPU
		{10FECF97-4F4A-444E-849E-A14B17548E37}.Debug|Any CPU.ActiveCfg = Debug|Any CPU
		{10FECF97-4F4A-444E-849E-A14B17548E37}.Debug|Any CPU.Build.0 = Debug|Any CPU
		{10FECF97-4F4A-444E-849E-A14B17548E37}.Release|Any CPU.ActiveCfg = Release|Any CPU
		{10FECF97-4F4A-444E-849E-A14B17548E37}.Release|Any CPU.Build.0 = Release|Any CPU
		{FDEE98BC-5A2C-45EF-A80C-ED1BE63F27A9}.Debug|Any CPU.ActiveCfg = Debug|Any CPU
		{FDEE98BC-5A2C-45EF-A80C-ED1BE63F27A9}.Debug|Any CPU.Build.0 = Debug|Any CPU
		{FDEE98BC-5A2C-45EF-A80C-ED1BE63F27A9}.Release|Any CPU.ActiveCfg = Release|Any CPU
		{FDEE98BC-5A2C-45EF-A80C-ED1BE63F27A9}.Release|Any CPU.Build.0 = Release|Any CPU
	EndGlobalSection
	GlobalSection(SolutionProperties) = preSolution
		HideSolutionNode = FALSE
	EndGlobalSection
	GlobalSection(ExtensibilityGlobals) = postSolution
		SolutionGuid = {A04ED8B5-B79A-4E16-8382-A9A098CEE556}
	EndGlobalSection
EndGlobal
